
Microsoft Visual Studio Solution File, Format Version 12.00
# Visual Studio 2013
VisualStudioVersion = 12.0.40629.0
MinimumVisualStudioVersion = 10.0.40219.1
Project("{FAE04EC0-301F-11D3-BF4B-00C04F79EFBC}") = "esLogger", "esLogger\esLogger.csproj", "{7ECB4BAF-873E-4D58-BBB2-008FF3EABDEE}"
EndProject
Project("{FAE04EC0-301F-11D3-BF4B-00C04F79EFBC}") = "esLogger.Tests", "esLogger.Tests\esLogger.Tests.csproj", "{33077013-EEB2-4A30-95C5-19A1DD6E88A5}"
EndProject
Project("{FAE04EC0-301F-11D3-BF4B-00C04F79EFBC}") = "esLogger.ConsoleDemo", "esLogger.ConsoleDemo\esLogger.ConsoleDemo.csproj", "{38C98BF3-EE8B-477D-898A-38EE6F3A8125}"
EndProject
Global
	GlobalSection(SolutionConfigurationPlatforms) = preSolution
		Debug|Any CPU = Debug|Any CPU
		Release|Any CPU = Release|Any CPU
	EndGlobalSection
	GlobalSection(ProjectConfigurationPlatforms) = postSolution
		{7ECB4BAF-873E-4D58-BBB2-008FF3EABDEE}.Debug|Any CPU.ActiveCfg = Debug|Any CPU
		{7ECB4BAF-873E-4D58-BBB2-008FF3EABDEE}.Debug|Any CPU.Build.0 = Debug|Any CPU
		{7ECB4BAF-873E-4D58-BBB2-008FF3EABDEE}.Release|Any CPU.ActiveCfg = Release|Any CPU
		{7ECB4BAF-873E-4D58-BBB2-008FF3EABDEE}.Release|Any CPU.Build.0 = Release|Any CPU
		{33077013-EEB2-4A30-95C5-19A1DD6E88A5}.Debug|Any CPU.ActiveCfg = Debug|Any CPU
		{33077013-EEB2-4A30-95C5-19A1DD6E88A5}.Debug|Any CPU.Build.0 = Debug|Any CPU
		{33077013-EEB2-4A30-95C5-19A1DD6E88A5}.Release|Any CPU.ActiveCfg = Release|Any CPU
		{33077013-EEB2-4A30-95C5-19A1DD6E88A5}.Release|Any CPU.Build.0 = Release|Any CPU
		{38C98BF3-EE8B-477D-898A-38EE6F3A8125}.Debug|Any CPU.ActiveCfg = Debug|Any CPU
		{38C98BF3-EE8B-477D-898A-38EE6F3A8125}.Debug|Any CPU.Build.0 = Debug|Any CPU
		{38C98BF3-EE8B-477D-898A-38EE6F3A8125}.Release|Any CPU.ActiveCfg = Release|Any CPU
		{38C98BF3-EE8B-477D-898A-38EE6F3A8125}.Release|Any CPU.Build.0 = Release|Any CPU
	EndGlobalSection
	GlobalSection(SolutionProperties) = preSolution
		HideSolutionNode = FALSE
	EndGlobalSection
EndGlobal
